
Microsoft Visual Studio Solution File, Format Version 12.00
# Visual Studio Version 17
VisualStudioVersion = 17.7.34031.279
MinimumVisualStudioVersion = 10.0.40219.1
Project("{FAE04EC0-301F-11D3-BF4B-00C04F79EFBC}") = "TestProjekt", "TestProjekt\TestProjekt.csproj", "{2E0692E9-5515-465B-88D1-D2A5A9229EF0}"
EndProject
Global
	GlobalSection(SolutionConfigurationPlatforms) = preSolution
		Debug|Any CPU = Debug|Any CPU
		Release|Any CPU = Release|Any CPU
	EndGlobalSection
	GlobalSection(ProjectConfigurationPlatforms) = postSolution
		{2E0692E9-5515-465B-88D1-D2A5A9229EF0}.Debug|Any CPU.ActiveCfg = Debug|Any CPU
		{2E0692E9-5515-465B-88D1-D2A5A9229EF0}.Debug|Any CPU.Build.0 = Debug|Any CPU
		{2E0692E9-5515-465B-88D1-D2A5A9229EF0}.Release|Any CPU.ActiveCfg = Release|Any CPU
		{2E0692E9-5515-465B-88D1-D2A5A9229EF0}.Release|Any CPU.Build.0 = Release|Any CPU
	EndGlobalSection
	GlobalSection(SolutionProperties) = preSolution
		HideSolutionNode = FALSE
	EndGlobalSection
	GlobalSection(ExtensibilityGlobals) = postSolution
		SolutionGuid = {F33DAE3A-A666-4E23-8555-9E9A807DFAF3}
	EndGlobalSection
EndGlobal
